
Microsoft Visual Studio Solution File, Format Version 11.00
# Visual Studio 2010
Project("{8BC9CEB8-8B4A-11D0-8D11-00A0C91BC942}") = "test", "test\test.vcxproj", "{717FAEFA-8E3D-4977-AD2B-A2800C3F2436}"
EndProject
Global
	GlobalSection(SolutionConfigurationPlatforms) = preSolution
		Debug|Win32 = Debug|Win32
		Release|Win32 = Release|Win32
	EndGlobalSection
	GlobalSection(ProjectConfigurationPlatforms) = postSolution
		{717FAEFA-8E3D-4977-AD2B-A2800C3F2436}.Debug|Win32.ActiveCfg = Debug|Win32
		{717FAEFA-8E3D-4977-AD2B-A2800C3F2436}.Debug|Win32.Build.0 = Debug|Win32
		{717FAEFA-8E3D-4977-AD2B-A2800C3F2436}.Release|Win32.ActiveCfg = Release|Win32
		{717FAEFA-8E3D-4977-AD2B-A2800C3F2436}.Release|Win32.Build.0 = Release|Win32
	EndGlobalSection
	GlobalSection(SolutionProperties) = preSolution
		HideSolutionNode = FALSE
	EndGlobalSection
EndGlobal
